// !$*UTF8*$!
{
	archiveVersion = 1;
	classes = {
	};
	objectVersion = 55;
	objects = {

/* Begin PBXBuildFile section */
		9A0B821127C4F83E007812C1 /* PomeloTestApp.swift in Sources */ = {isa = PBXBuildFile; fileRef = 9A0B821027C4F83E007812C1 /* PomeloTestApp.swift */; };
		9A0B821527C4F83F007812C1 /* Assets.xcassets in Resources */ = {isa = PBXBuildFile; fileRef = 9A0B821427C4F83F007812C1 /* Assets.xcassets */; };
		9A0B821827C4F83F007812C1 /* Preview Assets.xcassets in Resources */ = {isa = PBXBuildFile; fileRef = 9A0B821727C4F83F007812C1 /* Preview Assets.xcassets */; };
		9A7985B427C5024A006CE26B /* NewYorkTimesArticleLoader.swift in Sources */ = {isa = PBXBuildFile; fileRef = 9A7985B327C5024A006CE26B /* NewYorkTimesArticleLoader.swift */; };
		9A7985B827C50332006CE26B /* NetworkSession.swift in Sources */ = {isa = PBXBuildFile; fileRef = 9A7985B727C50332006CE26B /* NetworkSession.swift */; };
		9A7985BA27C50430006CE26B /* Article.swift in Sources */ = {isa = PBXBuildFile; fileRef = 9A7985B927C50430006CE26B /* Article.swift */; };
		9A7985BC27C50B40006CE26B /* NetworkError.swift in Sources */ = {isa = PBXBuildFile; fileRef = 9A7985BB27C50B40006CE26B /* NetworkError.swift */; };
		9A7985C127C51AA7006CE26B /* ArticleListContentView.swift in Sources */ = {isa = PBXBuildFile; fileRef = 9A7985C027C51AA7006CE26B /* ArticleListContentView.swift */; };
		9A7985C327C51AC8006CE26B /* ArticleListContentView+ViewModel.swift in Sources */ = {isa = PBXBuildFile; fileRef = 9A7985C227C51AC8006CE26B /* ArticleListContentView+ViewModel.swift */; };
		9ACADDAD27C6005600D53293 /* ArticleTests.swift in Sources */ = {isa = PBXBuildFile; fileRef = 9ACADDAC27C6005600D53293 /* ArticleTests.swift */; };
		9ACADDB527C6075D00D53293 /* NetworkErrorTests.swift in Sources */ = {isa = PBXBuildFile; fileRef = 9ACADDB427C6075D00D53293 /* NetworkErrorTests.swift */; };
/* End PBXBuildFile section */

/* Begin PBXContainerItemProxy section */
		9ACADDAE27C6005600D53293 /* PBXContainerItemProxy */ = {
			isa = PBXContainerItemProxy;
			containerPortal = 9A0B820527C4F83E007812C1 /* Project object */;
			proxyType = 1;
			remoteGlobalIDString = 9A0B820C27C4F83E007812C1;
			remoteInfo = PomeloTest;
		};
/* End PBXContainerItemProxy section */

/* Begin PBXFileReference section */
		9A0B820D27C4F83E007812C1 /* PomeloTest.app */ = {isa = PBXFileReference; explicitFileType = wrapper.application; includeInIndex = 0; path = PomeloTest.app; sourceTree = BUILT_PRODUCTS_DIR; };
		9A0B821027C4F83E007812C1 /* PomeloTestApp.swift */ = {isa = PBXFileReference; lastKnownFileType = sourcecode.swift; path = PomeloTestApp.swift; sourceTree = "<group>"; };
		9A0B821427C4F83F007812C1 /* Assets.xcassets */ = {isa = PBXFileReference; lastKnownFileType = folder.assetcatalog; path = Assets.xcassets; sourceTree = "<group>"; };
		9A0B821727C4F83F007812C1 /* Preview Assets.xcassets */ = {isa = PBXFileReference; lastKnownFileType = folder.assetcatalog; path = "Preview Assets.xcassets"; sourceTree = "<group>"; };
		9A7985B327C5024A006CE26B /* NewYorkTimesArticleLoader.swift */ = {isa = PBXFileReference; lastKnownFileType = sourcecode.swift; path = NewYorkTimesArticleLoader.swift; sourceTree = "<group>"; };
		9A7985B727C50332006CE26B /* NetworkSession.swift */ = {isa = PBXFileReference; lastKnownFileType = sourcecode.swift; path = NetworkSession.swift; sourceTree = "<group>"; };
		9A7985B927C50430006CE26B /* Article.swift */ = {isa = PBXFileReference; lastKnownFileType = sourcecode.swift; path = Article.swift; sourceTree = "<group>"; };
		9A7985BB27C50B40006CE26B /* NetworkError.swift */ = {isa = PBXFileReference; lastKnownFileType = sourcecode.swift; path = NetworkError.swift; sourceTree = "<group>"; };
		9A7985C027C51AA7006CE26B /* ArticleListContentView.swift */ = {isa = PBXFileReference; lastKnownFileType = sourcecode.swift; path = ArticleListContentView.swift; sourceTree = "<group>"; };
		9A7985C227C51AC8006CE26B /* ArticleListContentView+ViewModel.swift */ = {isa = PBXFileReference; lastKnownFileType = sourcecode.swift; path = "ArticleListContentView+ViewModel.swift"; sourceTree = "<group>"; };
		9ACADDAA27C6005600D53293 /* PomeloTestTests.xctest */ = {isa = PBXFileReference; explicitFileType = wrapper.cfbundle; includeInIndex = 0; path = PomeloTestTests.xctest; sourceTree = BUILT_PRODUCTS_DIR; };
		9ACADDAC27C6005600D53293 /* ArticleTests.swift */ = {isa = PBXFileReference; lastKnownFileType = sourcecode.swift; path = ArticleTests.swift; sourceTree = "<group>"; };
		9ACADDB427C6075D00D53293 /* NetworkErrorTests.swift */ = {isa = PBXFileReference; lastKnownFileType = sourcecode.swift; path = NetworkErrorTests.swift; sourceTree = "<group>"; };
/* End PBXFileReference section */

/* Begin PBXFrameworksBuildPhase section */
		9A0B820A27C4F83E007812C1 /* Frameworks */ = {
			isa = PBXFrameworksBuildPhase;
			buildActionMask = 2147483647;
			files = (
			);
			runOnlyForDeploymentPostprocessing = 0;
		};
		9ACADDA727C6005600D53293 /* Frameworks */ = {
			isa = PBXFrameworksBuildPhase;
			buildActionMask = 2147483647;
			files = (
			);
			runOnlyForDeploymentPostprocessing = 0;
		};
/* End PBXFrameworksBuildPhase section */

/* Begin PBXGroup section */
		9A0B820427C4F83E007812C1 = {
			isa = PBXGroup;
			children = (
				9A0B820F27C4F83E007812C1 /* PomeloTest */,
				9ACADDAB27C6005600D53293 /* PomeloTestTests */,
				9A0B820E27C4F83E007812C1 /* Products */,
			);
			sourceTree = "<group>";
		};
		9A0B820E27C4F83E007812C1 /* Products */ = {
			isa = PBXGroup;
			children = (
				9A0B820D27C4F83E007812C1 /* PomeloTest.app */,
				9ACADDAA27C6005600D53293 /* PomeloTestTests.xctest */,
			);
			name = Products;
			sourceTree = "<group>";
		};
		9A0B820F27C4F83E007812C1 /* PomeloTest */ = {
			isa = PBXGroup;
			children = (
				9A7985C427C51E02006CE26B /* Service */,
				9A7985BD27C51A6A006CE26B /* View */,
				9A7985B627C502C2006CE26B /* Model */,
				9A7985B527C502B9006CE26B /* Protocol */,
				9A0B821027C4F83E007812C1 /* PomeloTestApp.swift */,
				9A0B821427C4F83F007812C1 /* Assets.xcassets */,
				9A0B821627C4F83F007812C1 /* Preview Content */,
			);
			path = PomeloTest;
			sourceTree = "<group>";
		};
		9A0B821627C4F83F007812C1 /* Preview Content */ = {
			isa = PBXGroup;
			children = (
				9A0B821727C4F83F007812C1 /* Preview Assets.xcassets */,
			);
			path = "Preview Content";
			sourceTree = "<group>";
		};
		9A7985B527C502B9006CE26B /* Protocol */ = {
			isa = PBXGroup;
			children = (
				9A7985B727C50332006CE26B /* NetworkSession.swift */,
			);
			path = Protocol;
			sourceTree = "<group>";
		};
		9A7985B627C502C2006CE26B /* Model */ = {
			isa = PBXGroup;
			children = (
				9A7985B927C50430006CE26B /* Article.swift */,
				9A7985BB27C50B40006CE26B /* NetworkError.swift */,
			);
			path = Model;
			sourceTree = "<group>";
		};
		9A7985BD27C51A6A006CE26B /* View */ = {
			isa = PBXGroup;
			children = (
				9A7985BF27C51A90006CE26B /* ArticleDetail */,
				9A7985BE27C51A80006CE26B /* ArticleList */,
			);
			path = View;
			sourceTree = "<group>";
		};
		9A7985BE27C51A80006CE26B /* ArticleList */ = {
			isa = PBXGroup;
			children = (
				9A7985C027C51AA7006CE26B /* ArticleListContentView.swift */,
				9A7985C227C51AC8006CE26B /* ArticleListContentView+ViewModel.swift */,
			);
			path = ArticleList;
			sourceTree = "<group>";
		};
		9A7985BF27C51A90006CE26B /* ArticleDetail */ = {
			isa = PBXGroup;
			children = (
			);
			path = ArticleDetail;
			sourceTree = "<group>";
		};
		9A7985C427C51E02006CE26B /* Service */ = {
			isa = PBXGroup;
			children = (
				9A7985B327C5024A006CE26B /* NewYorkTimesArticleLoader.swift */,
			);
			path = Service;
			sourceTree = "<group>";
		};
		9ACADDAB27C6005600D53293 /* PomeloTestTests */ = {
			isa = PBXGroup;
			children = (
				9ACADDB327C6074100D53293 /* ModelTests */,
			);
			path = PomeloTestTests;
			sourceTree = "<group>";
		};
		9ACADDB327C6074100D53293 /* ModelTests */ = {
			isa = PBXGroup;
			children = (
				9ACADDAC27C6005600D53293 /* ArticleTests.swift */,
				9ACADDB427C6075D00D53293 /* NetworkErrorTests.swift */,
			);
			path = ModelTests;
			sourceTree = "<group>";
		};
/* End PBXGroup section */

/* Begin PBXNativeTarget section */
		9A0B820C27C4F83E007812C1 /* PomeloTest */ = {
			isa = PBXNativeTarget;
			buildConfigurationList = 9A0B821B27C4F83F007812C1 /* Build configuration list for PBXNativeTarget "PomeloTest" */;
			buildPhases = (
				9A0B820927C4F83E007812C1 /* Sources */,
				9A0B820A27C4F83E007812C1 /* Frameworks */,
				9A0B820B27C4F83E007812C1 /* Resources */,
			);
			buildRules = (
			);
			dependencies = (
			);
			name = PomeloTest;
			productName = PomeloTest;
			productReference = 9A0B820D27C4F83E007812C1 /* PomeloTest.app */;
			productType = "com.apple.product-type.application";
		};
		9ACADDA927C6005600D53293 /* PomeloTestTests */ = {
			isa = PBXNativeTarget;
			buildConfigurationList = 9ACADDB227C6005600D53293 /* Build configuration list for PBXNativeTarget "PomeloTestTests" */;
			buildPhases = (
				9ACADDA627C6005600D53293 /* Sources */,
				9ACADDA727C6005600D53293 /* Frameworks */,
				9ACADDA827C6005600D53293 /* Resources */,
			);
			buildRules = (
			);
			dependencies = (
				9ACADDAF27C6005600D53293 /* PBXTargetDependency */,
			);
			name = PomeloTestTests;
			productName = PomeloTestTests;
			productReference = 9ACADDAA27C6005600D53293 /* PomeloTestTests.xctest */;
			productType = "com.apple.product-type.bundle.unit-test";
		};
/* End PBXNativeTarget section */

/* Begin PBXProject section */
		9A0B820527C4F83E007812C1 /* Project object */ = {
			isa = PBXProject;
			attributes = {
				BuildIndependentTargetsInParallel = 1;
				LastSwiftUpdateCheck = 1320;
				LastUpgradeCheck = 1320;
				TargetAttributes = {
					9A0B820C27C4F83E007812C1 = {
						CreatedOnToolsVersion = 13.2.1;
					};
					9ACADDA927C6005600D53293 = {
						CreatedOnToolsVersion = 13.2.1;
						TestTargetID = 9A0B820C27C4F83E007812C1;
					};
				};
			};
			buildConfigurationList = 9A0B820827C4F83E007812C1 /* Build configuration list for PBXProject "PomeloTest" */;
			compatibilityVersion = "Xcode 13.0";
			developmentRegion = en;
			hasScannedForEncodings = 0;
			knownRegions = (
				en,
				Base,
			);
			mainGroup = 9A0B820427C4F83E007812C1;
			productRefGroup = 9A0B820E27C4F83E007812C1 /* Products */;
			projectDirPath = "";
			projectRoot = "";
			targets = (
				9A0B820C27C4F83E007812C1 /* PomeloTest */,
				9ACADDA927C6005600D53293 /* PomeloTestTests */,
			);
		};
/* End PBXProject section */

/* Begin PBXResourcesBuildPhase section */
		9A0B820B27C4F83E007812C1 /* Resources */ = {
			isa = PBXResourcesBuildPhase;
			buildActionMask = 2147483647;
			files = (
				9A0B821827C4F83F007812C1 /* Preview Assets.xcassets in Resources */,
				9A0B821527C4F83F007812C1 /* Assets.xcassets in Resources */,
			);
			runOnlyForDeploymentPostprocessing = 0;
		};
		9ACADDA827C6005600D53293 /* Resources */ = {
			isa = PBXResourcesBuildPhase;
			buildActionMask = 2147483647;
			files = (
			);
			runOnlyForDeploymentPostprocessing = 0;
		};
/* End PBXResourcesBuildPhase section */

/* Begin PBXSourcesBuildPhase section */
		9A0B820927C4F83E007812C1 /* Sources */ = {
			isa = PBXSourcesBuildPhase;
			buildActionMask = 2147483647;
			files = (
				9A7985B827C50332006CE26B /* NetworkSession.swift in Sources */,
				9A0B821127C4F83E007812C1 /* PomeloTestApp.swift in Sources */,
				9A7985C127C51AA7006CE26B /* ArticleListContentView.swift in Sources */,
				9A7985BC27C50B40006CE26B /* NetworkError.swift in Sources */,
				9A7985B427C5024A006CE26B /* NewYorkTimesArticleLoader.swift in Sources */,
				9A7985C327C51AC8006CE26B /* ArticleListContentView+ViewModel.swift in Sources */,
				9A7985BA27C50430006CE26B /* Article.swift in Sources */,
			);
			runOnlyForDeploymentPostprocessing = 0;
		};
		9ACADDA627C6005600D53293 /* Sources */ = {
			isa = PBXSourcesBuildPhase;
			buildActionMask = 2147483647;
			files = (
				9ACADDAD27C6005600D53293 /* ArticleTests.swift in Sources */,
				9ACADDB527C6075D00D53293 /* NetworkErrorTests.swift in Sources */,
			);
			runOnlyForDeploymentPostprocessing = 0;
		};
/* End PBXSourcesBuildPhase section */

/* Begin PBXTargetDependency section */
		9ACADDAF27C6005600D53293 /* PBXTargetDependency */ = {
			isa = PBXTargetDependency;
			target = 9A0B820C27C4F83E007812C1 /* PomeloTest */;
			targetProxy = 9ACADDAE27C6005600D53293 /* PBXContainerItemProxy */;
		};
/* End PBXTargetDependency section */

/* Begin XCBuildConfiguration section */
		9A0B821927C4F83F007812C1 /* Debug */ = {
			isa = XCBuildConfiguration;
			buildSettings = {
				ALWAYS_SEARCH_USER_PATHS = NO;
				CLANG_ANALYZER_NONNULL = YES;
				CLANG_ANALYZER_NUMBER_OBJECT_CONVERSION = YES_AGGRESSIVE;
				CLANG_CXX_LANGUAGE_STANDARD = "gnu++17";
				CLANG_CXX_LIBRARY = "libc++";
				CLANG_ENABLE_MODULES = YES;
				CLANG_ENABLE_OBJC_ARC = YES;
				CLANG_ENABLE_OBJC_WEAK = YES;
				CLANG_WARN_BLOCK_CAPTURE_AUTORELEASING = YES;
				CLANG_WARN_BOOL_CONVERSION = YES;
				CLANG_WARN_COMMA = YES;
				CLANG_WARN_CONSTANT_CONVERSION = YES;
				CLANG_WARN_DEPRECATED_OBJC_IMPLEMENTATIONS = YES;
				CLANG_WARN_DIRECT_OBJC_ISA_USAGE = YES_ERROR;
				CLANG_WARN_DOCUMENTATION_COMMENTS = YES;
				CLANG_WARN_EMPTY_BODY = YES;
				CLANG_WARN_ENUM_CONVERSION = YES;
				CLANG_WARN_INFINITE_RECURSION = YES;
				CLANG_WARN_INT_CONVERSION = YES;
				CLANG_WARN_NON_LITERAL_NULL_CONVERSION = YES;
				CLANG_WARN_OBJC_IMPLICIT_RETAIN_SELF = YES;
				CLANG_WARN_OBJC_LITERAL_CONVERSION = YES;
				CLANG_WARN_OBJC_ROOT_CLASS = YES_ERROR;
				CLANG_WARN_QUOTED_INCLUDE_IN_FRAMEWORK_HEADER = YES;
				CLANG_WARN_RANGE_LOOP_ANALYSIS = YES;
				CLANG_WARN_STRICT_PROTOTYPES = YES;
				CLANG_WARN_SUSPICIOUS_MOVE = YES;
				CLANG_WARN_UNGUARDED_AVAILABILITY = YES_AGGRESSIVE;
				CLANG_WARN_UNREACHABLE_CODE = YES;
				CLANG_WARN__DUPLICATE_METHOD_MATCH = YES;
				COPY_PHASE_STRIP = NO;
				DEBUG_INFORMATION_FORMAT = dwarf;
				ENABLE_STRICT_OBJC_MSGSEND = YES;
				ENABLE_TESTABILITY = YES;
				GCC_C_LANGUAGE_STANDARD = gnu11;
				GCC_DYNAMIC_NO_PIC = NO;
				GCC_NO_COMMON_BLOCKS = YES;
				GCC_OPTIMIZATION_LEVEL = 0;
				GCC_PREPROCESSOR_DEFINITIONS = (
					"DEBUG=1",
					"$(inherited)",
				);
				GCC_WARN_64_TO_32_BIT_CONVERSION = YES;
				GCC_WARN_ABOUT_RETURN_TYPE = YES_ERROR;
				GCC_WARN_UNDECLARED_SELECTOR = YES;
				GCC_WARN_UNINITIALIZED_AUTOS = YES_AGGRESSIVE;
				GCC_WARN_UNUSED_FUNCTION = YES;
				GCC_WARN_UNUSED_VARIABLE = YES;
				IPHONEOS_DEPLOYMENT_TARGET = 15.2;
				MTL_ENABLE_DEBUG_INFO = INCLUDE_SOURCE;
				MTL_FAST_MATH = YES;
				ONLY_ACTIVE_ARCH = YES;
				SDKROOT = iphoneos;
				SWIFT_ACTIVE_COMPILATION_CONDITIONS = DEBUG;
				SWIFT_OPTIMIZATION_LEVEL = "-Onone";
			};
			name = Debug;
		};
		9A0B821A27C4F83F007812C1 /* Release */ = {
			isa = XCBuildConfiguration;
			buildSettings = {
				ALWAYS_SEARCH_USER_PATHS = NO;
				CLANG_ANALYZER_NONNULL = YES;
				CLANG_ANALYZER_NUMBER_OBJECT_CONVERSION = YES_AGGRESSIVE;
				CLANG_CXX_LANGUAGE_STANDARD = "gnu++17";
				CLANG_CXX_LIBRARY = "libc++";
				CLANG_ENABLE_MODULES = YES;
				CLANG_ENABLE_OBJC_ARC = YES;
				CLANG_ENABLE_OBJC_WEAK = YES;
				CLANG_WARN_BLOCK_CAPTURE_AUTORELEASING = YES;
				CLANG_WARN_BOOL_CONVERSION = YES;
				CLANG_WARN_COMMA = YES;
				CLANG_WARN_CONSTANT_CONVERSION = YES;
				CLANG_WARN_DEPRECATED_OBJC_IMPLEMENTATIONS = YES;
				CLANG_WARN_DIRECT_OBJC_ISA_USAGE = YES_ERROR;
				CLANG_WARN_DOCUMENTATION_COMMENTS = YES;
				CLANG_WARN_EMPTY_BODY = YES;
				CLANG_WARN_ENUM_CONVERSION = YES;
				CLANG_WARN_INFINITE_RECURSION = YES;
				CLANG_WARN_INT_CONVERSION = YES;
				CLANG_WARN_NON_LITERAL_NULL_CONVERSION = YES;
				CLANG_WARN_OBJC_IMPLICIT_RETAIN_SELF = YES;
				CLANG_WARN_OBJC_LITERAL_CONVERSION = YES;
				CLANG_WARN_OBJC_ROOT_CLASS = YES_ERROR;
				CLANG_WARN_QUOTED_INCLUDE_IN_FRAMEWORK_HEADER = YES;
				CLANG_WARN_RANGE_LOOP_ANALYSIS = YES;
				CLANG_WARN_STRICT_PROTOTYPES = YES;
				CLANG_WARN_SUSPICIOUS_MOVE = YES;
				CLANG_WARN_UNGUARDED_AVAILABILITY = YES_AGGRESSIVE;
				CLANG_WARN_UNREACHABLE_CODE = YES;
				CLANG_WARN__DUPLICATE_METHOD_MATCH = YES;
				COPY_PHASE_STRIP = NO;
				DEBUG_INFORMATION_FORMAT = "dwarf-with-dsym";
				ENABLE_NS_ASSERTIONS = NO;
				ENABLE_STRICT_OBJC_MSGSEND = YES;
				GCC_C_LANGUAGE_STANDARD = gnu11;
				GCC_NO_COMMON_BLOCKS = YES;
				GCC_WARN_64_TO_32_BIT_CONVERSION = YES;
				GCC_WARN_ABOUT_RETURN_TYPE = YES_ERROR;
				GCC_WARN_UNDECLARED_SELECTOR = YES;
				GCC_WARN_UNINITIALIZED_AUTOS = YES_AGGRESSIVE;
				GCC_WARN_UNUSED_FUNCTION = YES;
				GCC_WARN_UNUSED_VARIABLE = YES;
				IPHONEOS_DEPLOYMENT_TARGET = 15.2;
				MTL_ENABLE_DEBUG_INFO = NO;
				MTL_FAST_MATH = YES;
				SDKROOT = iphoneos;
				SWIFT_COMPILATION_MODE = wholemodule;
				SWIFT_OPTIMIZATION_LEVEL = "-O";
				VALIDATE_PRODUCT = YES;
			};
			name = Release;
		};
		9A0B821C27C4F83F007812C1 /* Debug */ = {
			isa = XCBuildConfiguration;
			buildSettings = {
				ASSETCATALOG_COMPILER_APPICON_NAME = AppIcon;
				ASSETCATALOG_COMPILER_GLOBAL_ACCENT_COLOR_NAME = AccentColor;
				CODE_SIGN_STYLE = Automatic;
				CURRENT_PROJECT_VERSION = 1;
				DEVELOPMENT_ASSET_PATHS = "\"PomeloTest/Preview Content\"";
				ENABLE_PREVIEWS = YES;
				GENERATE_INFOPLIST_FILE = YES;
				INFOPLIST_KEY_UIApplicationSceneManifest_Generation = YES;
				INFOPLIST_KEY_UIApplicationSupportsIndirectInputEvents = YES;
				INFOPLIST_KEY_UILaunchScreen_Generation = YES;
				INFOPLIST_KEY_UISupportedInterfaceOrientations_iPad = "UIInterfaceOrientationPortrait UIInterfaceOrientationPortraitUpsideDown UIInterfaceOrientationLandscapeLeft UIInterfaceOrientationLandscapeRight";
				INFOPLIST_KEY_UISupportedInterfaceOrientations_iPhone = "UIInterfaceOrientationPortrait UIInterfaceOrientationLandscapeLeft UIInterfaceOrientationLandscapeRight";
				IPHONEOS_DEPLOYMENT_TARGET = 15.2;
				LD_RUNPATH_SEARCH_PATHS = (
					"$(inherited)",
					"@executable_path/Frameworks",
				);
				MARKETING_VERSION = 1.0;
				PRODUCT_BUNDLE_IDENTIFIER = com.example.PomeloTest;
				PRODUCT_NAME = "$(TARGET_NAME)";
				SWIFT_EMIT_LOC_STRINGS = YES;
				SWIFT_VERSION = 5.0;
				TARGETED_DEVICE_FAMILY = "1,2";
			};
			name = Debug;
		};
		9A0B821D27C4F83F007812C1 /* Release */ = {
			isa = XCBuildConfiguration;
			buildSettings = {
				ASSETCATALOG_COMPILER_APPICON_NAME = AppIcon;
				ASSETCATALOG_COMPILER_GLOBAL_ACCENT_COLOR_NAME = AccentColor;
				CODE_SIGN_STYLE = Automatic;
				CURRENT_PROJECT_VERSION = 1;
				DEVELOPMENT_ASSET_PATHS = "\"PomeloTest/Preview Content\"";
				ENABLE_PREVIEWS = YES;
				GENERATE_INFOPLIST_FILE = YES;
				INFOPLIST_KEY_UIApplicationSceneManifest_Generation = YES;
				INFOPLIST_KEY_UIApplicationSupportsIndirectInputEvents = YES;
				INFOPLIST_KEY_UILaunchScreen_Generation = YES;
				INFOPLIST_KEY_UISupportedInterfaceOrientations_iPad = "UIInterfaceOrientationPortrait UIInterfaceOrientationPortraitUpsideDown UIInterfaceOrientationLandscapeLeft UIInterfaceOrientationLandscapeRight";
				INFOPLIST_KEY_UISupportedInterfaceOrientations_iPhone = "UIInterfaceOrientationPortrait UIInterfaceOrientationLandscapeLeft UIInterfaceOrientationLandscapeRight";
				IPHONEOS_DEPLOYMENT_TARGET = 15.2;
				LD_RUNPATH_SEARCH_PATHS = (
					"$(inherited)",
					"@executable_path/Frameworks",
				);
				MARKETING_VERSION = 1.0;
				PRODUCT_BUNDLE_IDENTIFIER = com.example.PomeloTest;
				PRODUCT_NAME = "$(TARGET_NAME)";
				SWIFT_EMIT_LOC_STRINGS = YES;
				SWIFT_VERSION = 5.0;
				TARGETED_DEVICE_FAMILY = "1,2";
			};
			name = Release;
		};
		9ACADDB027C6005600D53293 /* Debug */ = {
			isa = XCBuildConfiguration;
			buildSettings = {
				BUNDLE_LOADER = "$(TEST_HOST)";
				CODE_SIGN_STYLE = Automatic;
				CURRENT_PROJECT_VERSION = 1;
				GENERATE_INFOPLIST_FILE = YES;
				MARKETING_VERSION = 1.0;
				PRODUCT_BUNDLE_IDENTIFIER = com.example.PomeloTestTests;
				PRODUCT_NAME = "$(TARGET_NAME)";
				SWIFT_EMIT_LOC_STRINGS = NO;
				SWIFT_VERSION = 5.0;
				TARGETED_DEVICE_FAMILY = "1,2";
				TEST_HOST = "$(BUILT_PRODUCTS_DIR)/PomeloTest.app/PomeloTest";
			};
			name = Debug;
		};
		9ACADDB127C6005600D53293 /* Release */ = {
			isa = XCBuildConfiguration;
			buildSettings = {
				BUNDLE_LOADER = "$(TEST_HOST)";
				CODE_SIGN_STYLE = Automatic;
				CURRENT_PROJECT_VERSION = 1;
				GENERATE_INFOPLIST_FILE = YES;
				MARKETING_VERSION = 1.0;
				PRODUCT_BUNDLE_IDENTIFIER = com.example.PomeloTestTests;
				PRODUCT_NAME = "$(TARGET_NAME)";
				SWIFT_EMIT_LOC_STRINGS = NO;
				SWIFT_VERSION = 5.0;
				TARGETED_DEVICE_FAMILY = "1,2";
				TEST_HOST = "$(BUILT_PRODUCTS_DIR)/PomeloTest.app/PomeloTest";
			};
			name = Release;
		};
/* End XCBuildConfiguration section */

/* Begin XCConfigurationList section */
		9A0B820827C4F83E007812C1 /* Build configuration list for PBXProject "PomeloTest" */ = {
			isa = XCConfigurationList;
			buildConfigurations = (
				9A0B821927C4F83F007812C1 /* Debug */,
				9A0B821A27C4F83F007812C1 /* Release */,
			);
			defaultConfigurationIsVisible = 0;
			defaultConfigurationName = Release;
		};
		9A0B821B27C4F83F007812C1 /* Build configuration list for PBXNativeTarget "PomeloTest" */ = {
			isa = XCConfigurationList;
			buildConfigurations = (
				9A0B821C27C4F83F007812C1 /* Debug */,
				9A0B821D27C4F83F007812C1 /* Release */,
			);
			defaultConfigurationIsVisible = 0;
			defaultConfigurationName = Release;
		};
		9ACADDB227C6005600D53293 /* Build configuration list for PBXNativeTarget "PomeloTestTests" */ = {
			isa = XCConfigurationList;
			buildConfigurations = (
				9ACADDB027C6005600D53293 /* Debug */,
				9ACADDB127C6005600D53293 /* Release */,
			);
			defaultConfigurationIsVisible = 0;
			defaultConfigurationName = Release;
		};
/* End XCConfigurationList section */
	};
	rootObject = 9A0B820527C4F83E007812C1 /* Project object */;
}
